// !$*UTF8*$!
{
	archiveVersion = 1;
	classes = {
	};
	objectVersion = 56;
	objects = {

/* Begin PBXBuildFile section */
		FB00561C2B87891C00BE7E12 /* NumberFactServiceImplementation.swift in Sources */ = {isa = PBXBuildFile; fileRef = FB00561B2B87891C00BE7E12 /* NumberFactServiceImplementation.swift */; };
		FB00561E2B87892B00BE7E12 /* NumberFactService.swift in Sources */ = {isa = PBXBuildFile; fileRef = FB00561D2B87892B00BE7E12 /* NumberFactService.swift */; };
		FB0DC82F2B83D549000B2EC4 /* MainView.swift in Sources */ = {isa = PBXBuildFile; fileRef = FB0DC82E2B83D549000B2EC4 /* MainView.swift */; };
		FB15E9E62B87808F00F01DE2 /* SimpleEffectState.swift in Sources */ = {isa = PBXBuildFile; fileRef = FB15E9E52B87808F00F01DE2 /* SimpleEffectState.swift */; };
		FB15E9E92B8780AB00F01DE2 /* SimpleEffectAction.swift in Sources */ = {isa = PBXBuildFile; fileRef = FB15E9E82B8780AB00F01DE2 /* SimpleEffectAction.swift */; };
		FB15E9EB2B8780B900F01DE2 /* SimpleEffectReducer.swift in Sources */ = {isa = PBXBuildFile; fileRef = FB15E9EA2B8780B900F01DE2 /* SimpleEffectReducer.swift */; };
		FB15E9ED2B8780D900F01DE2 /* SimpleEffectView.swift in Sources */ = {isa = PBXBuildFile; fileRef = FB15E9EC2B8780D900F01DE2 /* SimpleEffectView.swift */; };
		FB1A61052B91D153000930DF /* ServiceCore in Frameworks */ = {isa = PBXBuildFile; productRef = FB1A61042B91D153000930DF /* ServiceCore */; };
		FB1A61082B91D844000930DF /* Constants.swift in Sources */ = {isa = PBXBuildFile; fileRef = FB1A61072B91D844000930DF /* Constants.swift */; };
		FB25D36D2B91C2BE0059D827 /* HTTPTransport in Frameworks */ = {isa = PBXBuildFile; productRef = FB25D36C2B91C2BE0059D827 /* HTTPTransport */; };
		FB3EEB672B8D1DC00092DDB2 /* AlertAndSheetState.swift in Sources */ = {isa = PBXBuildFile; fileRef = FB3EEB662B8D1DC00092DDB2 /* AlertAndSheetState.swift */; };
		FB3EEB692B8D1DE30092DDB2 /* AlertAndSheetAction.swift in Sources */ = {isa = PBXBuildFile; fileRef = FB3EEB682B8D1DE30092DDB2 /* AlertAndSheetAction.swift */; };
		FB3EEB6B2B8D1E0F0092DDB2 /* AlertAndSheetReducer.swift in Sources */ = {isa = PBXBuildFile; fileRef = FB3EEB6A2B8D1E0F0092DDB2 /* AlertAndSheetReducer.swift */; };
		FB3EEB6D2B8D1E600092DDB2 /* AlertAndSheetView.swift in Sources */ = {isa = PBXBuildFile; fileRef = FB3EEB6C2B8D1E600092DDB2 /* AlertAndSheetView.swift */; };
		FB4814E12B8738320068D161 /* CounterState.swift in Sources */ = {isa = PBXBuildFile; fileRef = FB4814E02B8738320068D161 /* CounterState.swift */; };
		FB4814E32B8739410068D161 /* CounterAction .swift in Sources */ = {isa = PBXBuildFile; fileRef = FB4814E22B8739410068D161 /* CounterAction .swift */; };
		FB4814E52B873DF00068D161 /* DoubleCounterState.swift in Sources */ = {isa = PBXBuildFile; fileRef = FB4814E42B873DF00068D161 /* DoubleCounterState.swift */; };
		FB4814E72B873EE30068D161 /* DoubleCounterActon.swift in Sources */ = {isa = PBXBuildFile; fileRef = FB4814E62B873EE30068D161 /* DoubleCounterActon.swift */; };
		FB4814EA2B8747400068D161 /* ComposableArchitecture in Frameworks */ = {isa = PBXBuildFile; productRef = FB4814E92B8747400068D161 /* ComposableArchitecture */; };
		FB567F612B82312000FA3D3E /* TCAMyExampleApp.swift in Sources */ = {isa = PBXBuildFile; fileRef = FB567F602B82312000FA3D3E /* TCAMyExampleApp.swift */; };
		FB567F652B82312100FA3D3E /* Assets.xcassets in Resources */ = {isa = PBXBuildFile; fileRef = FB567F642B82312100FA3D3E /* Assets.xcassets */; };
		FB567F682B82312100FA3D3E /* Preview Assets.xcassets in Resources */ = {isa = PBXBuildFile; fileRef = FB567F672B82312100FA3D3E /* Preview Assets.xcassets */; };
		FB567F732B8232CB00FA3D3E /* CounterReducer.swift in Sources */ = {isa = PBXBuildFile; fileRef = FB567F722B8232CB00FA3D3E /* CounterReducer.swift */; };
		FB567F752B823C2500FA3D3E /* CounterView.swift in Sources */ = {isa = PBXBuildFile; fileRef = FB567F742B823C2500FA3D3E /* CounterView.swift */; };
		FB5A4CBF2B8892E7001F98AA /* SimpleOptionalState.swift in Sources */ = {isa = PBXBuildFile; fileRef = FB5A4CBE2B8892E7001F98AA /* SimpleOptionalState.swift */; };
		FB5A4CC12B8892F7001F98AA /* SimpleOptionalAction.swift in Sources */ = {isa = PBXBuildFile; fileRef = FB5A4CC02B8892F7001F98AA /* SimpleOptionalAction.swift */; };
		FB5A4CC32B889309001F98AA /* SimpleOptionalReducer.swift in Sources */ = {isa = PBXBuildFile; fileRef = FB5A4CC22B889309001F98AA /* SimpleOptionalReducer.swift */; };
		FB5A4CC52B889324001F98AA /* SimpleOptionalView.swift in Sources */ = {isa = PBXBuildFile; fileRef = FB5A4CC42B889324001F98AA /* SimpleOptionalView.swift */; };
		FB5A4CC82B88A7A8001F98AA /* SimpleBindingState.swift in Sources */ = {isa = PBXBuildFile; fileRef = FB5A4CC72B88A7A8001F98AA /* SimpleBindingState.swift */; };
		FB5A4CCA2B88A7E0001F98AA /* SimpleBindingAction.swift in Sources */ = {isa = PBXBuildFile; fileRef = FB5A4CC92B88A7E0001F98AA /* SimpleBindingAction.swift */; };
		FB5A4CCC2B88A824001F98AA /* SimpleBindingReducer.swift in Sources */ = {isa = PBXBuildFile; fileRef = FB5A4CCB2B88A824001F98AA /* SimpleBindingReducer.swift */; };
		FB5A4CCE2B88A833001F98AA /* SimpleBindingView.swift in Sources */ = {isa = PBXBuildFile; fileRef = FB5A4CCD2B88A833001F98AA /* SimpleBindingView.swift */; };
		FB88AE862B85263D0081FCCF /*  DoubleCounterView.swift in Sources */ = {isa = PBXBuildFile; fileRef = FB88AE852B85263D0081FCCF /*  DoubleCounterView.swift */; };
		FB9503482B8F311B008A23E5 /* HolderOfCountersState.swift in Sources */ = {isa = PBXBuildFile; fileRef = FB9503472B8F311B008A23E5 /* HolderOfCountersState.swift */; };
		FB95034A2B8F31B5008A23E5 /* HolderOfCountersAction.swift in Sources */ = {isa = PBXBuildFile; fileRef = FB9503492B8F31B5008A23E5 /* HolderOfCountersAction.swift */; };
		FB95034C2B8F3226008A23E5 /* HolderOfCountersReducer.swift in Sources */ = {isa = PBXBuildFile; fileRef = FB95034B2B8F3226008A23E5 /* HolderOfCountersReducer.swift */; };
		FB95034E2B8F35B1008A23E5 /* HolderOfCountersView.swift in Sources */ = {isa = PBXBuildFile; fileRef = FB95034D2B8F35B0008A23E5 /* HolderOfCountersView.swift */; };
		FB9503522B906CBF008A23E5 /* CellState.swift in Sources */ = {isa = PBXBuildFile; fileRef = FB9503512B906CBF008A23E5 /* CellState.swift */; };
		FB9503542B906CCA008A23E5 /* CellAction.swift in Sources */ = {isa = PBXBuildFile; fileRef = FB9503532B906CCA008A23E5 /* CellAction.swift */; };
		FB9503562B906CD6008A23E5 /* CellReducer.swift in Sources */ = {isa = PBXBuildFile; fileRef = FB9503552B906CD6008A23E5 /* CellReducer.swift */; };
		FB9503582B906CE4008A23E5 /* CellView.swift in Sources */ = {isa = PBXBuildFile; fileRef = FB9503572B906CE4008A23E5 /* CellView.swift */; };
		FB95035A2B906CFB008A23E5 /* InteractiveListState.swift in Sources */ = {isa = PBXBuildFile; fileRef = FB9503592B906CFB008A23E5 /* InteractiveListState.swift */; };
		FB95035C2B906D10008A23E5 /* InteractiveListAction.swift in Sources */ = {isa = PBXBuildFile; fileRef = FB95035B2B906D10008A23E5 /* InteractiveListAction.swift */; };
		FB95035E2B906D1B008A23E5 /* InteractiveListReducer.swift in Sources */ = {isa = PBXBuildFile; fileRef = FB95035D2B906D1B008A23E5 /* InteractiveListReducer.swift */; };
		FB9503602B906D26008A23E5 /* InteractiveListView.swift in Sources */ = {isa = PBXBuildFile; fileRef = FB95035F2B906D26008A23E5 /* InteractiveListView.swift */; };
		FB9503642B9075FC008A23E5 /* String.swift in Sources */ = {isa = PBXBuildFile; fileRef = FB9503632B9075FC008A23E5 /* String.swift */; };
		FBFDECAB2B851EB2004C5101 /*  DoubleCounterReducer.swift in Sources */ = {isa = PBXBuildFile; fileRef = FBFDECAA2B851EB2004C5101 /*  DoubleCounterReducer.swift */; };
/* End PBXBuildFile section */

/* Begin PBXFileReference section */
		FB00561B2B87891C00BE7E12 /* NumberFactServiceImplementation.swift */ = {isa = PBXFileReference; lastKnownFileType = sourcecode.swift; path = NumberFactServiceImplementation.swift; sourceTree = "<group>"; };
		FB00561D2B87892B00BE7E12 /* NumberFactService.swift */ = {isa = PBXFileReference; lastKnownFileType = sourcecode.swift; path = NumberFactService.swift; sourceTree = "<group>"; };
		FB00561F2B879DF400BE7E12 /* Info.plist */ = {isa = PBXFileReference; lastKnownFileType = text.plist; path = Info.plist; sourceTree = "<group>"; };
		FB0DC82E2B83D549000B2EC4 /* MainView.swift */ = {isa = PBXFileReference; lastKnownFileType = sourcecode.swift; path = MainView.swift; sourceTree = "<group>"; };
		FB15E9E52B87808F00F01DE2 /* SimpleEffectState.swift */ = {isa = PBXFileReference; lastKnownFileType = sourcecode.swift; path = SimpleEffectState.swift; sourceTree = "<group>"; };
		FB15E9E82B8780AB00F01DE2 /* SimpleEffectAction.swift */ = {isa = PBXFileReference; lastKnownFileType = sourcecode.swift; path = SimpleEffectAction.swift; sourceTree = "<group>"; };
		FB15E9EA2B8780B900F01DE2 /* SimpleEffectReducer.swift */ = {isa = PBXFileReference; lastKnownFileType = sourcecode.swift; path = SimpleEffectReducer.swift; sourceTree = "<group>"; };
		FB15E9EC2B8780D900F01DE2 /* SimpleEffectView.swift */ = {isa = PBXFileReference; lastKnownFileType = sourcecode.swift; path = SimpleEffectView.swift; sourceTree = "<group>"; };
		FB1A61072B91D844000930DF /* Constants.swift */ = {isa = PBXFileReference; lastKnownFileType = sourcecode.swift; path = Constants.swift; sourceTree = "<group>"; };
		FB3EEB662B8D1DC00092DDB2 /* AlertAndSheetState.swift */ = {isa = PBXFileReference; lastKnownFileType = sourcecode.swift; path = AlertAndSheetState.swift; sourceTree = "<group>"; };
		FB3EEB682B8D1DE30092DDB2 /* AlertAndSheetAction.swift */ = {isa = PBXFileReference; lastKnownFileType = sourcecode.swift; path = AlertAndSheetAction.swift; sourceTree = "<group>"; };
		FB3EEB6A2B8D1E0F0092DDB2 /* AlertAndSheetReducer.swift */ = {isa = PBXFileReference; lastKnownFileType = sourcecode.swift; path = AlertAndSheetReducer.swift; sourceTree = "<group>"; };
		FB3EEB6C2B8D1E600092DDB2 /* AlertAndSheetView.swift */ = {isa = PBXFileReference; lastKnownFileType = sourcecode.swift; path = AlertAndSheetView.swift; sourceTree = "<group>"; };
		FB4814E02B8738320068D161 /* CounterState.swift */ = {isa = PBXFileReference; lastKnownFileType = sourcecode.swift; path = CounterState.swift; sourceTree = "<group>"; };
		FB4814E22B8739410068D161 /* CounterAction .swift */ = {isa = PBXFileReference; lastKnownFileType = sourcecode.swift; path = "CounterAction .swift"; sourceTree = "<group>"; };
		FB4814E42B873DF00068D161 /* DoubleCounterState.swift */ = {isa = PBXFileReference; lastKnownFileType = sourcecode.swift; path = DoubleCounterState.swift; sourceTree = "<group>"; };
		FB4814E62B873EE30068D161 /* DoubleCounterActon.swift */ = {isa = PBXFileReference; lastKnownFileType = sourcecode.swift; path = DoubleCounterActon.swift; sourceTree = "<group>"; };
		FB567F5D2B82312000FA3D3E /* TCAMyExample.app */ = {isa = PBXFileReference; explicitFileType = wrapper.application; includeInIndex = 0; path = TCAMyExample.app; sourceTree = BUILT_PRODUCTS_DIR; };
		FB567F602B82312000FA3D3E /* TCAMyExampleApp.swift */ = {isa = PBXFileReference; lastKnownFileType = sourcecode.swift; path = TCAMyExampleApp.swift; sourceTree = "<group>"; };
		FB567F642B82312100FA3D3E /* Assets.xcassets */ = {isa = PBXFileReference; lastKnownFileType = folder.assetcatalog; path = Assets.xcassets; sourceTree = "<group>"; };
		FB567F672B82312100FA3D3E /* Preview Assets.xcassets */ = {isa = PBXFileReference; lastKnownFileType = folder.assetcatalog; path = "Preview Assets.xcassets"; sourceTree = "<group>"; };
		FB567F722B8232CB00FA3D3E /* CounterReducer.swift */ = {isa = PBXFileReference; lastKnownFileType = sourcecode.swift; path = CounterReducer.swift; sourceTree = "<group>"; };
		FB567F742B823C2500FA3D3E /* CounterView.swift */ = {isa = PBXFileReference; lastKnownFileType = sourcecode.swift; path = CounterView.swift; sourceTree = "<group>"; };
		FB5A4CBE2B8892E7001F98AA /* SimpleOptionalState.swift */ = {isa = PBXFileReference; lastKnownFileType = sourcecode.swift; path = SimpleOptionalState.swift; sourceTree = "<group>"; };
		FB5A4CC02B8892F7001F98AA /* SimpleOptionalAction.swift */ = {isa = PBXFileReference; lastKnownFileType = sourcecode.swift; path = SimpleOptionalAction.swift; sourceTree = "<group>"; };
		FB5A4CC22B889309001F98AA /* SimpleOptionalReducer.swift */ = {isa = PBXFileReference; lastKnownFileType = sourcecode.swift; path = SimpleOptionalReducer.swift; sourceTree = "<group>"; };
		FB5A4CC42B889324001F98AA /* SimpleOptionalView.swift */ = {isa = PBXFileReference; lastKnownFileType = sourcecode.swift; path = SimpleOptionalView.swift; sourceTree = "<group>"; };
		FB5A4CC72B88A7A8001F98AA /* SimpleBindingState.swift */ = {isa = PBXFileReference; lastKnownFileType = sourcecode.swift; path = SimpleBindingState.swift; sourceTree = "<group>"; };
		FB5A4CC92B88A7E0001F98AA /* SimpleBindingAction.swift */ = {isa = PBXFileReference; lastKnownFileType = sourcecode.swift; path = SimpleBindingAction.swift; sourceTree = "<group>"; };
		FB5A4CCB2B88A824001F98AA /* SimpleBindingReducer.swift */ = {isa = PBXFileReference; lastKnownFileType = sourcecode.swift; path = SimpleBindingReducer.swift; sourceTree = "<group>"; };
		FB5A4CCD2B88A833001F98AA /* SimpleBindingView.swift */ = {isa = PBXFileReference; lastKnownFileType = sourcecode.swift; path = SimpleBindingView.swift; sourceTree = "<group>"; };
		FB88AE852B85263D0081FCCF /*  DoubleCounterView.swift */ = {isa = PBXFileReference; lastKnownFileType = sourcecode.swift; path = " DoubleCounterView.swift"; sourceTree = "<group>"; };
		FB9503472B8F311B008A23E5 /* HolderOfCountersState.swift */ = {isa = PBXFileReference; lastKnownFileType = sourcecode.swift; path = HolderOfCountersState.swift; sourceTree = "<group>"; };
		FB9503492B8F31B5008A23E5 /* HolderOfCountersAction.swift */ = {isa = PBXFileReference; lastKnownFileType = sourcecode.swift; path = HolderOfCountersAction.swift; sourceTree = "<group>"; };
		FB95034B2B8F3226008A23E5 /* HolderOfCountersReducer.swift */ = {isa = PBXFileReference; lastKnownFileType = sourcecode.swift; path = HolderOfCountersReducer.swift; sourceTree = "<group>"; };
		FB95034D2B8F35B0008A23E5 /* HolderOfCountersView.swift */ = {isa = PBXFileReference; lastKnownFileType = sourcecode.swift; path = HolderOfCountersView.swift; sourceTree = "<group>"; };
		FB9503512B906CBF008A23E5 /* CellState.swift */ = {isa = PBXFileReference; lastKnownFileType = sourcecode.swift; path = CellState.swift; sourceTree = "<group>"; };
		FB9503532B906CCA008A23E5 /* CellAction.swift */ = {isa = PBXFileReference; lastKnownFileType = sourcecode.swift; path = CellAction.swift; sourceTree = "<group>"; };
		FB9503552B906CD6008A23E5 /* CellReducer.swift */ = {isa = PBXFileReference; lastKnownFileType = sourcecode.swift; path = CellReducer.swift; sourceTree = "<group>"; };
		FB9503572B906CE4008A23E5 /* CellView.swift */ = {isa = PBXFileReference; lastKnownFileType = sourcecode.swift; path = CellView.swift; sourceTree = "<group>"; };
		FB9503592B906CFB008A23E5 /* InteractiveListState.swift */ = {isa = PBXFileReference; lastKnownFileType = sourcecode.swift; path = InteractiveListState.swift; sourceTree = "<group>"; };
		FB95035B2B906D10008A23E5 /* InteractiveListAction.swift */ = {isa = PBXFileReference; lastKnownFileType = sourcecode.swift; path = InteractiveListAction.swift; sourceTree = "<group>"; };
		FB95035D2B906D1B008A23E5 /* InteractiveListReducer.swift */ = {isa = PBXFileReference; lastKnownFileType = sourcecode.swift; path = InteractiveListReducer.swift; sourceTree = "<group>"; };
		FB95035F2B906D26008A23E5 /* InteractiveListView.swift */ = {isa = PBXFileReference; lastKnownFileType = sourcecode.swift; path = InteractiveListView.swift; sourceTree = "<group>"; };
		FB9503632B9075FC008A23E5 /* String.swift */ = {isa = PBXFileReference; lastKnownFileType = sourcecode.swift; path = String.swift; sourceTree = "<group>"; };
		FBFDECAA2B851EB2004C5101 /*  DoubleCounterReducer.swift */ = {isa = PBXFileReference; lastKnownFileType = sourcecode.swift; path = " DoubleCounterReducer.swift"; sourceTree = "<group>"; };
/* End PBXFileReference section */

/* Begin PBXFrameworksBuildPhase section */
		FB567F5A2B82312000FA3D3E /* Frameworks */ = {
			isa = PBXFrameworksBuildPhase;
			buildActionMask = 2147483647;
			files = (
				FB25D36D2B91C2BE0059D827 /* HTTPTransport in Frameworks */,
				FB1A61052B91D153000930DF /* ServiceCore in Frameworks */,
				FB4814EA2B8747400068D161 /* ComposableArchitecture in Frameworks */,
			);
			runOnlyForDeploymentPostprocessing = 0;
		};
/* End PBXFrameworksBuildPhase section */

/* Begin PBXGroup section */
		FB0056182B8788C900BE7E12 /* BusinessLayer */ = {
			isa = PBXGroup;
			children = (
				FB1A61062B91D825000930DF /* Common */,
				FB0056192B8788FE00BE7E12 /* NumberFactService */,
			);
			path = BusinessLayer;
			sourceTree = "<group>";
		};
		FB0056192B8788FE00BE7E12 /* NumberFactService */ = {
			isa = PBXGroup;
			children = (
				FB00561D2B87892B00BE7E12 /* NumberFactService.swift */,
				FB00561B2B87891C00BE7E12 /* NumberFactServiceImplementation.swift */,
			);
			path = NumberFactService;
			sourceTree = "<group>";
		};
		FB0DC82D2B83D535000B2EC4 /* MainScreen */ = {
			isa = PBXGroup;
			children = (
				FB0DC82E2B83D549000B2EC4 /* MainView.swift */,
			);
			path = MainScreen;
			sourceTree = "<group>";
		};
		FB15E9E42B877B0F00F01DE2 /* SimpleEffect */ = {
			isa = PBXGroup;
			children = (
				FB15E9E52B87808F00F01DE2 /* SimpleEffectState.swift */,
				FB15E9E82B8780AB00F01DE2 /* SimpleEffectAction.swift */,
				FB15E9EA2B8780B900F01DE2 /* SimpleEffectReducer.swift */,
				FB15E9EC2B8780D900F01DE2 /* SimpleEffectView.swift */,
			);
			path = SimpleEffect;
			sourceTree = "<group>";
		};
		FB1A61062B91D825000930DF /* Common */ = {
			isa = PBXGroup;
			children = (
				FB1A61092B91D846000930DF /* Constants */,
			);
			path = Common;
			sourceTree = "<group>";
		};
		FB1A61092B91D846000930DF /* Constants */ = {
			isa = PBXGroup;
			children = (
				FB1A61072B91D844000930DF /* Constants.swift */,
			);
			path = Constants;
			sourceTree = "<group>";
		};
		FB3EEB652B8D1D100092DDB2 /* AlertAndSheet */ = {
			isa = PBXGroup;
			children = (
				FB3EEB662B8D1DC00092DDB2 /* AlertAndSheetState.swift */,
				FB3EEB682B8D1DE30092DDB2 /* AlertAndSheetAction.swift */,
				FB3EEB6A2B8D1E0F0092DDB2 /* AlertAndSheetReducer.swift */,
				FB3EEB6C2B8D1E600092DDB2 /* AlertAndSheetView.swift */,
			);
			path = AlertAndSheet;
			sourceTree = "<group>";
		};
		FB567F542B82312000FA3D3E = {
			isa = PBXGroup;
			children = (
				FB567F5F2B82312000FA3D3E /* TCAMyExample */,
				FB567F5E2B82312000FA3D3E /* Products */,
			);
			sourceTree = "<group>";
		};
		FB567F5E2B82312000FA3D3E /* Products */ = {
			isa = PBXGroup;
			children = (
				FB567F5D2B82312000FA3D3E /* TCAMyExample.app */,
			);
			name = Products;
			sourceTree = "<group>";
		};
		FB567F5F2B82312000FA3D3E /* TCAMyExample */ = {
			isa = PBXGroup;
			children = (
				FB00561F2B879DF400BE7E12 /* Info.plist */,
				FB567F6E2B82317400FA3D3E /* PresentationLayer */,
				FB0056182B8788C900BE7E12 /* BusinessLayer */,
				FB9503612B9075DA008A23E5 /* CoreLayer */,
				FB567F602B82312000FA3D3E /* TCAMyExampleApp.swift */,
				FB567F642B82312100FA3D3E /* Assets.xcassets */,
				FB567F662B82312100FA3D3E /* Preview Content */,
			);
			path = TCAMyExample;
			sourceTree = "<group>";
		};
		FB567F662B82312100FA3D3E /* Preview Content */ = {
			isa = PBXGroup;
			children = (
				FB567F672B82312100FA3D3E /* Preview Assets.xcassets */,
			);
			path = "Preview Content";
			sourceTree = "<group>";
		};
		FB567F6E2B82317400FA3D3E /* PresentationLayer */ = {
			isa = PBXGroup;
			children = (
				FB95034F2B906B93008A23E5 /* InteractiveList */,
				FB9503462B8F30A5008A23E5 /* Navigation */,
				FB3EEB652B8D1D100092DDB2 /* AlertAndSheet */,
				FB0DC82D2B83D535000B2EC4 /* MainScreen */,
				FB5A4CC62B88A76F001F98AA /* SimpleBindingScreen */,
				FB5A4CBD2B889280001F98AA /* Simple Optional  */,
				FB15E9E42B877B0F00F01DE2 /* SimpleEffect */,
				FBFDECA62B851D8A004C5101 /* Counter */,
				FBFDECA72B851DA6004C5101 /* TwoCounters */,
			);
			path = PresentationLayer;
			sourceTree = "<group>";
		};
		FB5A4CBD2B889280001F98AA /* Simple Optional  */ = {
			isa = PBXGroup;
			children = (
				FB5A4CBE2B8892E7001F98AA /* SimpleOptionalState.swift */,
				FB5A4CC02B8892F7001F98AA /* SimpleOptionalAction.swift */,
				FB5A4CC22B889309001F98AA /* SimpleOptionalReducer.swift */,
				FB5A4CC42B889324001F98AA /* SimpleOptionalView.swift */,
			);
			path = "Simple Optional ";
			sourceTree = "<group>";
		};
		FB5A4CC62B88A76F001F98AA /* SimpleBindingScreen */ = {
			isa = PBXGroup;
			children = (
				FB5A4CC72B88A7A8001F98AA /* SimpleBindingState.swift */,
				FB5A4CC92B88A7E0001F98AA /* SimpleBindingAction.swift */,
				FB5A4CCB2B88A824001F98AA /* SimpleBindingReducer.swift */,
				FB5A4CCD2B88A833001F98AA /* SimpleBindingView.swift */,
			);
			path = SimpleBindingScreen;
			sourceTree = "<group>";
		};
		FB9503462B8F30A5008A23E5 /* Navigation */ = {
			isa = PBXGroup;
			children = (
				FB9503472B8F311B008A23E5 /* HolderOfCountersState.swift */,
				FB9503492B8F31B5008A23E5 /* HolderOfCountersAction.swift */,
				FB95034B2B8F3226008A23E5 /* HolderOfCountersReducer.swift */,
				FB95034D2B8F35B0008A23E5 /* HolderOfCountersView.swift */,
			);
			path = Navigation;
			sourceTree = "<group>";
		};
		FB95034F2B906B93008A23E5 /* InteractiveList */ = {
			isa = PBXGroup;
			children = (
				FB9503592B906CFB008A23E5 /* InteractiveListState.swift */,
				FB95035B2B906D10008A23E5 /* InteractiveListAction.swift */,
				FB95035D2B906D1B008A23E5 /* InteractiveListReducer.swift */,
				FB95035F2B906D26008A23E5 /* InteractiveListView.swift */,
				FB9503502B906CA8008A23E5 /* Cell */,
			);
			path = InteractiveList;
			sourceTree = "<group>";
		};
		FB9503502B906CA8008A23E5 /* Cell */ = {
			isa = PBXGroup;
			children = (
				FB9503512B906CBF008A23E5 /* CellState.swift */,
				FB9503532B906CCA008A23E5 /* CellAction.swift */,
				FB9503552B906CD6008A23E5 /* CellReducer.swift */,
				FB9503572B906CE4008A23E5 /* CellView.swift */,
			);
			path = Cell;
			sourceTree = "<group>";
		};
		FB9503612B9075DA008A23E5 /* CoreLayer */ = {
			isa = PBXGroup;
			children = (
				FB9503622B9075E5008A23E5 /* Extensions */,
			);
			path = CoreLayer;
			sourceTree = "<group>";
		};
		FB9503622B9075E5008A23E5 /* Extensions */ = {
			isa = PBXGroup;
			children = (
				FB9503632B9075FC008A23E5 /* String.swift */,
			);
			path = Extensions;
			sourceTree = "<group>";
		};
		FBFDECA62B851D8A004C5101 /* Counter */ = {
			isa = PBXGroup;
			children = (
				FB4814E02B8738320068D161 /* CounterState.swift */,
				FB4814E22B8739410068D161 /* CounterAction .swift */,
				FB567F722B8232CB00FA3D3E /* CounterReducer.swift */,
				FB567F742B823C2500FA3D3E /* CounterView.swift */,
			);
			path = Counter;
			sourceTree = "<group>";
		};
		FBFDECA72B851DA6004C5101 /* TwoCounters */ = {
			isa = PBXGroup;
			children = (
				FB4814E42B873DF00068D161 /* DoubleCounterState.swift */,
				FB4814E62B873EE30068D161 /* DoubleCounterActon.swift */,
				FBFDECAA2B851EB2004C5101 /*  DoubleCounterReducer.swift */,
				FB88AE852B85263D0081FCCF /*  DoubleCounterView.swift */,
			);
			path = TwoCounters;
			sourceTree = "<group>";
		};
/* End PBXGroup section */

/* Begin PBXNativeTarget section */
		FB567F5C2B82312000FA3D3E /* TCAMyExample */ = {
			isa = PBXNativeTarget;
			buildConfigurationList = FB567F6B2B82312100FA3D3E /* Build configuration list for PBXNativeTarget "TCAMyExample" */;
			buildPhases = (
				FB567F592B82312000FA3D3E /* Sources */,
				FB567F5A2B82312000FA3D3E /* Frameworks */,
				FB567F5B2B82312000FA3D3E /* Resources */,
			);
			buildRules = (
			);
			dependencies = (
			);
			name = TCAMyExample;
			packageProductDependencies = (
				FB4814E92B8747400068D161 /* ComposableArchitecture */,
				FB25D36C2B91C2BE0059D827 /* HTTPTransport */,
				FB1A61042B91D153000930DF /* ServiceCore */,
			);
			productName = TCAMyExample;
			productReference = FB567F5D2B82312000FA3D3E /* TCAMyExample.app */;
			productType = "com.apple.product-type.application";
		};
/* End PBXNativeTarget section */

/* Begin PBXProject section */
		FB567F552B82312000FA3D3E /* Project object */ = {
			isa = PBXProject;
			attributes = {
				BuildIndependentTargetsInParallel = 1;
				LastSwiftUpdateCheck = 1500;
				LastUpgradeCheck = 1500;
				TargetAttributes = {
					FB567F5C2B82312000FA3D3E = {
						CreatedOnToolsVersion = 15.0.1;
					};
				};
			};
			buildConfigurationList = FB567F582B82312000FA3D3E /* Build configuration list for PBXProject "TCAMyExample" */;
			compatibilityVersion = "Xcode 14.0";
			developmentRegion = en;
			hasScannedForEncodings = 0;
			knownRegions = (
				en,
				Base,
			);
			mainGroup = FB567F542B82312000FA3D3E;
			packageReferences = (
				FB4814E82B8747400068D161 /* XCRemoteSwiftPackageReference "TCA" */,
				FB25D36B2B91C2BE0059D827 /* XCRemoteSwiftPackageReference "http-transport" */,
				FB1A61032B91D153000930DF /* XCRemoteSwiftPackageReference "service-core" */,
			);
			productRefGroup = FB567F5E2B82312000FA3D3E /* Products */;
			projectDirPath = "";
			projectRoot = "";
			targets = (
				FB567F5C2B82312000FA3D3E /* TCAMyExample */,
			);
		};
/* End PBXProject section */

/* Begin PBXResourcesBuildPhase section */
		FB567F5B2B82312000FA3D3E /* Resources */ = {
			isa = PBXResourcesBuildPhase;
			buildActionMask = 2147483647;
			files = (
				FB567F682B82312100FA3D3E /* Preview Assets.xcassets in Resources */,
				FB567F652B82312100FA3D3E /* Assets.xcassets in Resources */,
			);
			runOnlyForDeploymentPostprocessing = 0;
		};
/* End PBXResourcesBuildPhase section */

/* Begin PBXSourcesBuildPhase section */
		FB567F592B82312000FA3D3E /* Sources */ = {
			isa = PBXSourcesBuildPhase;
			buildActionMask = 2147483647;
			files = (
				FB567F752B823C2500FA3D3E /* CounterView.swift in Sources */,
				FB3EEB6D2B8D1E600092DDB2 /* AlertAndSheetView.swift in Sources */,
				FB9503642B9075FC008A23E5 /* String.swift in Sources */,
				FB3EEB672B8D1DC00092DDB2 /* AlertAndSheetState.swift in Sources */,
				FB9503482B8F311B008A23E5 /* HolderOfCountersState.swift in Sources */,
				FB5A4CC12B8892F7001F98AA /* SimpleOptionalAction.swift in Sources */,
				FB9503542B906CCA008A23E5 /* CellAction.swift in Sources */,
				FB4814E72B873EE30068D161 /* DoubleCounterActon.swift in Sources */,
				FBFDECAB2B851EB2004C5101 /*  DoubleCounterReducer.swift in Sources */,
				FB9503582B906CE4008A23E5 /* CellView.swift in Sources */,
				FB15E9E62B87808F00F01DE2 /* SimpleEffectState.swift in Sources */,
				FB1A61082B91D844000930DF /* Constants.swift in Sources */,
				FB95035C2B906D10008A23E5 /* InteractiveListAction.swift in Sources */,
				FB95034E2B8F35B1008A23E5 /* HolderOfCountersView.swift in Sources */,
				FB9503562B906CD6008A23E5 /* CellReducer.swift in Sources */,
				FB5A4CCA2B88A7E0001F98AA /* SimpleBindingAction.swift in Sources */,
				FB15E9E92B8780AB00F01DE2 /* SimpleEffectAction.swift in Sources */,
				FB567F732B8232CB00FA3D3E /* CounterReducer.swift in Sources */,
				FB0DC82F2B83D549000B2EC4 /* MainView.swift in Sources */,
				FB15E9ED2B8780D900F01DE2 /* SimpleEffectView.swift in Sources */,
				FB5A4CCE2B88A833001F98AA /* SimpleBindingView.swift in Sources */,
				FB3EEB692B8D1DE30092DDB2 /* AlertAndSheetAction.swift in Sources */,
				FB9503522B906CBF008A23E5 /* CellState.swift in Sources */,
				FB567F612B82312000FA3D3E /* TCAMyExampleApp.swift in Sources */,
				FB5A4CC52B889324001F98AA /* SimpleOptionalView.swift in Sources */,
				FB95034A2B8F31B5008A23E5 /* HolderOfCountersAction.swift in Sources */,
				FB5A4CCC2B88A824001F98AA /* SimpleBindingReducer.swift in Sources */,
				FB9503602B906D26008A23E5 /* InteractiveListView.swift in Sources */,
				FB15E9EB2B8780B900F01DE2 /* SimpleEffectReducer.swift in Sources */,
				FB00561E2B87892B00BE7E12 /* NumberFactService.swift in Sources */,
				FB5A4CBF2B8892E7001F98AA /* SimpleOptionalState.swift in Sources */,
				FB00561C2B87891C00BE7E12 /* NumberFactServiceImplementation.swift in Sources */,
				FB4814E32B8739410068D161 /* CounterAction .swift in Sources */,
				FB4814E52B873DF00068D161 /* DoubleCounterState.swift in Sources */,
				FB95034C2B8F3226008A23E5 /* HolderOfCountersReducer.swift in Sources */,
				FB5A4CC82B88A7A8001F98AA /* SimpleBindingState.swift in Sources */,
				FB4814E12B8738320068D161 /* CounterState.swift in Sources */,
				FB95035A2B906CFB008A23E5 /* InteractiveListState.swift in Sources */,
				FB95035E2B906D1B008A23E5 /* InteractiveListReducer.swift in Sources */,
				FB5A4CC32B889309001F98AA /* SimpleOptionalReducer.swift in Sources */,
				FB3EEB6B2B8D1E0F0092DDB2 /* AlertAndSheetReducer.swift in Sources */,
				FB88AE862B85263D0081FCCF /*  DoubleCounterView.swift in Sources */,
			);
			runOnlyForDeploymentPostprocessing = 0;
		};
/* End PBXSourcesBuildPhase section */

/* Begin XCBuildConfiguration section */
		FB567F692B82312100FA3D3E /* Debug */ = {
			isa = XCBuildConfiguration;
			buildSettings = {
				ALWAYS_SEARCH_USER_PATHS = NO;
				ASSETCATALOG_COMPILER_GENERATE_SWIFT_ASSET_SYMBOL_EXTENSIONS = YES;
				CLANG_ANALYZER_NONNULL = YES;
				CLANG_ANALYZER_NUMBER_OBJECT_CONVERSION = YES_AGGRESSIVE;
				CLANG_CXX_LANGUAGE_STANDARD = "gnu++20";
				CLANG_ENABLE_MODULES = YES;
				CLANG_ENABLE_OBJC_ARC = YES;
				CLANG_ENABLE_OBJC_WEAK = YES;
				CLANG_WARN_BLOCK_CAPTURE_AUTORELEASING = YES;
				CLANG_WARN_BOOL_CONVERSION = YES;
				CLANG_WARN_COMMA = YES;
				CLANG_WARN_CONSTANT_CONVERSION = YES;
				CLANG_WARN_DEPRECATED_OBJC_IMPLEMENTATIONS = YES;
				CLANG_WARN_DIRECT_OBJC_ISA_USAGE = YES_ERROR;
				CLANG_WARN_DOCUMENTATION_COMMENTS = YES;
				CLANG_WARN_EMPTY_BODY = YES;
				CLANG_WARN_ENUM_CONVERSION = YES;
				CLANG_WARN_INFINITE_RECURSION = YES;
				CLANG_WARN_INT_CONVERSION = YES;
				CLANG_WARN_NON_LITERAL_NULL_CONVERSION = YES;
				CLANG_WARN_OBJC_IMPLICIT_RETAIN_SELF = YES;
				CLANG_WARN_OBJC_LITERAL_CONVERSION = YES;
				CLANG_WARN_OBJC_ROOT_CLASS = YES_ERROR;
				CLANG_WARN_QUOTED_INCLUDE_IN_FRAMEWORK_HEADER = YES;
				CLANG_WARN_RANGE_LOOP_ANALYSIS = YES;
				CLANG_WARN_STRICT_PROTOTYPES = YES;
				CLANG_WARN_SUSPICIOUS_MOVE = YES;
				CLANG_WARN_UNGUARDED_AVAILABILITY = YES_AGGRESSIVE;
				CLANG_WARN_UNREACHABLE_CODE = YES;
				CLANG_WARN__DUPLICATE_METHOD_MATCH = YES;
				COPY_PHASE_STRIP = NO;
				DEBUG_INFORMATION_FORMAT = dwarf;
				ENABLE_STRICT_OBJC_MSGSEND = YES;
				ENABLE_TESTABILITY = YES;
				ENABLE_USER_SCRIPT_SANDBOXING = YES;
				GCC_C_LANGUAGE_STANDARD = gnu17;
				GCC_DYNAMIC_NO_PIC = NO;
				GCC_NO_COMMON_BLOCKS = YES;
				GCC_OPTIMIZATION_LEVEL = 0;
				GCC_PREPROCESSOR_DEFINITIONS = (
					"DEBUG=1",
					"$(inherited)",
				);
				GCC_WARN_64_TO_32_BIT_CONVERSION = YES;
				GCC_WARN_ABOUT_RETURN_TYPE = YES_ERROR;
				GCC_WARN_UNDECLARED_SELECTOR = YES;
				GCC_WARN_UNINITIALIZED_AUTOS = YES_AGGRESSIVE;
				GCC_WARN_UNUSED_FUNCTION = YES;
				GCC_WARN_UNUSED_VARIABLE = YES;
				IPHONEOS_DEPLOYMENT_TARGET = 15.0;
				LOCALIZATION_PREFERS_STRING_CATALOGS = YES;
				MTL_ENABLE_DEBUG_INFO = INCLUDE_SOURCE;
				MTL_FAST_MATH = YES;
				ONLY_ACTIVE_ARCH = YES;
				SDKROOT = iphoneos;
				SWIFT_ACTIVE_COMPILATION_CONDITIONS = "DEBUG $(inherited)";
				SWIFT_OPTIMIZATION_LEVEL = "-Onone";
			};
			name = Debug;
		};
		FB567F6A2B82312100FA3D3E /* Release */ = {
			isa = XCBuildConfiguration;
			buildSettings = {
				ALWAYS_SEARCH_USER_PATHS = NO;
				ASSETCATALOG_COMPILER_GENERATE_SWIFT_ASSET_SYMBOL_EXTENSIONS = YES;
				CLANG_ANALYZER_NONNULL = YES;
				CLANG_ANALYZER_NUMBER_OBJECT_CONVERSION = YES_AGGRESSIVE;
				CLANG_CXX_LANGUAGE_STANDARD = "gnu++20";
				CLANG_ENABLE_MODULES = YES;
				CLANG_ENABLE_OBJC_ARC = YES;
				CLANG_ENABLE_OBJC_WEAK = YES;
				CLANG_WARN_BLOCK_CAPTURE_AUTORELEASING = YES;
				CLANG_WARN_BOOL_CONVERSION = YES;
				CLANG_WARN_COMMA = YES;
				CLANG_WARN_CONSTANT_CONVERSION = YES;
				CLANG_WARN_DEPRECATED_OBJC_IMPLEMENTATIONS = YES;
				CLANG_WARN_DIRECT_OBJC_ISA_USAGE = YES_ERROR;
				CLANG_WARN_DOCUMENTATION_COMMENTS = YES;
				CLANG_WARN_EMPTY_BODY = YES;
				CLANG_WARN_ENUM_CONVERSION = YES;
				CLANG_WARN_INFINITE_RECURSION = YES;
				CLANG_WARN_INT_CONVERSION = YES;
				CLANG_WARN_NON_LITERAL_NULL_CONVERSION = YES;
				CLANG_WARN_OBJC_IMPLICIT_RETAIN_SELF = YES;
				CLANG_WARN_OBJC_LITERAL_CONVERSION = YES;
				CLANG_WARN_OBJC_ROOT_CLASS = YES_ERROR;
				CLANG_WARN_QUOTED_INCLUDE_IN_FRAMEWORK_HEADER = YES;
				CLANG_WARN_RANGE_LOOP_ANALYSIS = YES;
				CLANG_WARN_STRICT_PROTOTYPES = YES;
				CLANG_WARN_SUSPICIOUS_MOVE = YES;
				CLANG_WARN_UNGUARDED_AVAILABILITY = YES_AGGRESSIVE;
				CLANG_WARN_UNREACHABLE_CODE = YES;
				CLANG_WARN__DUPLICATE_METHOD_MATCH = YES;
				COPY_PHASE_STRIP = NO;
				DEBUG_INFORMATION_FORMAT = "dwarf-with-dsym";
				ENABLE_NS_ASSERTIONS = NO;
				ENABLE_STRICT_OBJC_MSGSEND = YES;
				ENABLE_USER_SCRIPT_SANDBOXING = YES;
				GCC_C_LANGUAGE_STANDARD = gnu17;
				GCC_NO_COMMON_BLOCKS = YES;
				GCC_WARN_64_TO_32_BIT_CONVERSION = YES;
				GCC_WARN_ABOUT_RETURN_TYPE = YES_ERROR;
				GCC_WARN_UNDECLARED_SELECTOR = YES;
				GCC_WARN_UNINITIALIZED_AUTOS = YES_AGGRESSIVE;
				GCC_WARN_UNUSED_FUNCTION = YES;
				GCC_WARN_UNUSED_VARIABLE = YES;
				IPHONEOS_DEPLOYMENT_TARGET = 15.0;
				LOCALIZATION_PREFERS_STRING_CATALOGS = YES;
				MTL_ENABLE_DEBUG_INFO = NO;
				MTL_FAST_MATH = YES;
				SDKROOT = iphoneos;
				SWIFT_COMPILATION_MODE = wholemodule;
				VALIDATE_PRODUCT = YES;
			};
			name = Release;
		};
		FB567F6C2B82312100FA3D3E /* Debug */ = {
			isa = XCBuildConfiguration;
			buildSettings = {
				ASSETCATALOG_COMPILER_APPICON_NAME = AppIcon;
				ASSETCATALOG_COMPILER_GLOBAL_ACCENT_COLOR_NAME = AccentColor;
				CODE_SIGN_STYLE = Automatic;
				CURRENT_PROJECT_VERSION = 1;
				DEVELOPMENT_ASSET_PATHS = "\"TCAMyExample/Preview Content\"";
				DEVELOPMENT_TEAM = 6HH4TBW24N;
				ENABLE_PREVIEWS = YES;
				GENERATE_INFOPLIST_FILE = YES;
				INFOPLIST_FILE = TCAMyExample/Info.plist;
				INFOPLIST_KEY_UIApplicationSceneManifest_Generation = YES;
				INFOPLIST_KEY_UIApplicationSupportsIndirectInputEvents = YES;
				INFOPLIST_KEY_UILaunchScreen_Generation = YES;
				INFOPLIST_KEY_UISupportedInterfaceOrientations_iPad = "UIInterfaceOrientationPortrait UIInterfaceOrientationPortraitUpsideDown UIInterfaceOrientationLandscapeLeft UIInterfaceOrientationLandscapeRight";
				INFOPLIST_KEY_UISupportedInterfaceOrientations_iPhone = "UIInterfaceOrientationPortrait UIInterfaceOrientationLandscapeLeft UIInterfaceOrientationLandscapeRight";
				IPHONEOS_DEPLOYMENT_TARGET = 15.0;
				LD_RUNPATH_SEARCH_PATHS = (
					"$(inherited)",
					"@executable_path/Frameworks",
				);
				MARKETING_VERSION = 1.0;
				PRODUCT_BUNDLE_IDENTIFIER = "-.TCAMyExample";
				PRODUCT_NAME = "$(TARGET_NAME)";
				SWIFT_EMIT_LOC_STRINGS = YES;
				SWIFT_VERSION = 5.0;
				TARGETED_DEVICE_FAMILY = "1,2";
			};
			name = Debug;
		};
		FB567F6D2B82312100FA3D3E /* Release */ = {
			isa = XCBuildConfiguration;
			buildSettings = {
				ASSETCATALOG_COMPILER_APPICON_NAME = AppIcon;
				ASSETCATALOG_COMPILER_GLOBAL_ACCENT_COLOR_NAME = AccentColor;
				CODE_SIGN_STYLE = Automatic;
				CURRENT_PROJECT_VERSION = 1;
				DEVELOPMENT_ASSET_PATHS = "\"TCAMyExample/Preview Content\"";
				DEVELOPMENT_TEAM = 6HH4TBW24N;
				ENABLE_PREVIEWS = YES;
				GENERATE_INFOPLIST_FILE = YES;
				INFOPLIST_FILE = TCAMyExample/Info.plist;
				INFOPLIST_KEY_UIApplicationSceneManifest_Generation = YES;
				INFOPLIST_KEY_UIApplicationSupportsIndirectInputEvents = YES;
				INFOPLIST_KEY_UILaunchScreen_Generation = YES;
				INFOPLIST_KEY_UISupportedInterfaceOrientations_iPad = "UIInterfaceOrientationPortrait UIInterfaceOrientationPortraitUpsideDown UIInterfaceOrientationLandscapeLeft UIInterfaceOrientationLandscapeRight";
				INFOPLIST_KEY_UISupportedInterfaceOrientations_iPhone = "UIInterfaceOrientationPortrait UIInterfaceOrientationLandscapeLeft UIInterfaceOrientationLandscapeRight";
				IPHONEOS_DEPLOYMENT_TARGET = 15.0;
				LD_RUNPATH_SEARCH_PATHS = (
					"$(inherited)",
					"@executable_path/Frameworks",
				);
				MARKETING_VERSION = 1.0;
				PRODUCT_BUNDLE_IDENTIFIER = "-.TCAMyExample";
				PRODUCT_NAME = "$(TARGET_NAME)";
				SWIFT_EMIT_LOC_STRINGS = YES;
				SWIFT_VERSION = 5.0;
				TARGETED_DEVICE_FAMILY = "1,2";
			};
			name = Release;
		};
/* End XCBuildConfiguration section */

/* Begin XCConfigurationList section */
		FB567F582B82312000FA3D3E /* Build configuration list for PBXProject "TCAMyExample" */ = {
			isa = XCConfigurationList;
			buildConfigurations = (
				FB567F692B82312100FA3D3E /* Debug */,
				FB567F6A2B82312100FA3D3E /* Release */,
			);
			defaultConfigurationIsVisible = 0;
			defaultConfigurationName = Release;
		};
		FB567F6B2B82312100FA3D3E /* Build configuration list for PBXNativeTarget "TCAMyExample" */ = {
			isa = XCConfigurationList;
			buildConfigurations = (
				FB567F6C2B82312100FA3D3E /* Debug */,
				FB567F6D2B82312100FA3D3E /* Release */,
			);
			defaultConfigurationIsVisible = 0;
			defaultConfigurationName = Release;
		};
/* End XCConfigurationList section */

/* Begin XCRemoteSwiftPackageReference section */
		FB1A61032B91D153000930DF /* XCRemoteSwiftPackageReference "service-core" */ = {
			isa = XCRemoteSwiftPackageReference;
			repositoryURL = "https://github.com/Incetro/service-core.git";
			requirement = {
				branch = main;
				kind = branch;
			};
		};
		FB25D36B2B91C2BE0059D827 /* XCRemoteSwiftPackageReference "http-transport" */ = {
			isa = XCRemoteSwiftPackageReference;
			repositoryURL = "https://github.com/Incetro/http-transport.git";
			requirement = {
				branch = main;
				kind = branch;
			};
		};
		FB4814E82B8747400068D161 /* XCRemoteSwiftPackageReference "TCA" */ = {
			isa = XCRemoteSwiftPackageReference;
			repositoryURL = "https://github.com/Incetro/TCA.git";
			requirement = {
				branch = main;
				kind = branch;
			};
		};
/* End XCRemoteSwiftPackageReference section */

/* Begin XCSwiftPackageProductDependency section */
		FB1A61042B91D153000930DF /* ServiceCore */ = {
			isa = XCSwiftPackageProductDependency;
			package = FB1A61032B91D153000930DF /* XCRemoteSwiftPackageReference "service-core" */;
			productName = ServiceCore;
		};
		FB25D36C2B91C2BE0059D827 /* HTTPTransport */ = {
			isa = XCSwiftPackageProductDependency;
			package = FB25D36B2B91C2BE0059D827 /* XCRemoteSwiftPackageReference "http-transport" */;
			productName = HTTPTransport;
		};
		FB4814E92B8747400068D161 /* ComposableArchitecture */ = {
			isa = XCSwiftPackageProductDependency;
			package = FB4814E82B8747400068D161 /* XCRemoteSwiftPackageReference "TCA" */;
			productName = ComposableArchitecture;
		};
/* End XCSwiftPackageProductDependency section */
	};
	rootObject = FB567F552B82312000FA3D3E /* Project object */;
}
