// !$*UTF8*$!
{
	archiveVersion = 1;
	classes = {
	};
	objectVersion = 60;
	objects = {

/* Begin PBXBuildFile section */
		FB0DC82F2B83D549000B2EC4 /* MainView.swift in Sources */ = {isa = PBXBuildFile; fileRef = FB0DC82E2B83D549000B2EC4 /* MainView.swift */; };
		FB567F612B82312000FA3D3E /* TCAMyExampleApp.swift in Sources */ = {isa = PBXBuildFile; fileRef = FB567F602B82312000FA3D3E /* TCAMyExampleApp.swift */; };
		FB567F652B82312100FA3D3E /* Assets.xcassets in Resources */ = {isa = PBXBuildFile; fileRef = FB567F642B82312100FA3D3E /* Assets.xcassets */; };
		FB567F682B82312100FA3D3E /* Preview Assets.xcassets in Resources */ = {isa = PBXBuildFile; fileRef = FB567F672B82312100FA3D3E /* Preview Assets.xcassets */; };
		FB567F712B8231E700FA3D3E /* ComposableArchitecture in Frameworks */ = {isa = PBXBuildFile; productRef = FB567F702B8231E700FA3D3E /* ComposableArchitecture */; };
		FB567F732B8232CB00FA3D3E /* CounterStore.swift in Sources */ = {isa = PBXBuildFile; fileRef = FB567F722B8232CB00FA3D3E /* CounterStore.swift */; };
		FB567F752B823C2500FA3D3E /* CounterView.swift in Sources */ = {isa = PBXBuildFile; fileRef = FB567F742B823C2500FA3D3E /* CounterView.swift */; };
		FB88AE862B85263D0081FCCF /* TwoCountersView.swift in Sources */ = {isa = PBXBuildFile; fileRef = FB88AE852B85263D0081FCCF /* TwoCountersView.swift */; };
		FBEF40962B851F7D00FAE771 /* ComposableArchitecture in Frameworks */ = {isa = PBXBuildFile; productRef = FBEF40952B851F7D00FAE771 /* ComposableArchitecture */; };
		FBFDECAB2B851EB2004C5101 /* TwoCountersStore.swift in Sources */ = {isa = PBXBuildFile; fileRef = FBFDECAA2B851EB2004C5101 /* TwoCountersStore.swift */; };
/* End PBXBuildFile section */

/* Begin PBXFileReference section */
		FB0DC82E2B83D549000B2EC4 /* MainView.swift */ = {isa = PBXFileReference; lastKnownFileType = sourcecode.swift; path = MainView.swift; sourceTree = "<group>"; };
		FB567F5D2B82312000FA3D3E /* TCAMyExample.app */ = {isa = PBXFileReference; explicitFileType = wrapper.application; includeInIndex = 0; path = TCAMyExample.app; sourceTree = BUILT_PRODUCTS_DIR; };
		FB567F602B82312000FA3D3E /* TCAMyExampleApp.swift */ = {isa = PBXFileReference; lastKnownFileType = sourcecode.swift; path = TCAMyExampleApp.swift; sourceTree = "<group>"; };
		FB567F642B82312100FA3D3E /* Assets.xcassets */ = {isa = PBXFileReference; lastKnownFileType = folder.assetcatalog; path = Assets.xcassets; sourceTree = "<group>"; };
		FB567F672B82312100FA3D3E /* Preview Assets.xcassets */ = {isa = PBXFileReference; lastKnownFileType = folder.assetcatalog; path = "Preview Assets.xcassets"; sourceTree = "<group>"; };
		FB567F722B8232CB00FA3D3E /* CounterStore.swift */ = {isa = PBXFileReference; lastKnownFileType = sourcecode.swift; path = CounterStore.swift; sourceTree = "<group>"; };
		FB567F742B823C2500FA3D3E /* CounterView.swift */ = {isa = PBXFileReference; lastKnownFileType = sourcecode.swift; path = CounterView.swift; sourceTree = "<group>"; };
		FB88AE852B85263D0081FCCF /* TwoCountersView.swift */ = {isa = PBXFileReference; lastKnownFileType = sourcecode.swift; path = TwoCountersView.swift; sourceTree = "<group>"; };
		FBFDECAA2B851EB2004C5101 /* TwoCountersStore.swift */ = {isa = PBXFileReference; lastKnownFileType = sourcecode.swift; path = TwoCountersStore.swift; sourceTree = "<group>"; };
/* End PBXFileReference section */

/* Begin PBXFrameworksBuildPhase section */
		FB567F5A2B82312000FA3D3E /* Frameworks */ = {
			isa = PBXFrameworksBuildPhase;
			buildActionMask = 2147483647;
			files = (
				FBEF40962B851F7D00FAE771 /* ComposableArchitecture in Frameworks */,
				FB567F712B8231E700FA3D3E /* ComposableArchitecture in Frameworks */,
			);
			runOnlyForDeploymentPostprocessing = 0;
		};
/* End PBXFrameworksBuildPhase section */

/* Begin PBXGroup section */
		FB0DC82C2B83D4C4000B2EC4 /* CounterView */ = {
			isa = PBXGroup;
			children = (
				FB567F742B823C2500FA3D3E /* CounterView.swift */,
			);
			path = CounterView;
			sourceTree = "<group>";
		};
		FB0DC82D2B83D535000B2EC4 /* MainScreen */ = {
			isa = PBXGroup;
			children = (
				FB0DC82E2B83D549000B2EC4 /* MainView.swift */,
			);
			path = MainScreen;
			sourceTree = "<group>";
		};
		FB567F542B82312000FA3D3E = {
			isa = PBXGroup;
			children = (
				FB567F5F2B82312000FA3D3E /* TCAMyExample */,
				FB567F5E2B82312000FA3D3E /* Products */,
			);
			sourceTree = "<group>";
		};
		FB567F5E2B82312000FA3D3E /* Products */ = {
			isa = PBXGroup;
			children = (
				FB567F5D2B82312000FA3D3E /* TCAMyExample.app */,
			);
			name = Products;
			sourceTree = "<group>";
		};
		FB567F5F2B82312000FA3D3E /* TCAMyExample */ = {
			isa = PBXGroup;
			children = (
				FB0DC82D2B83D535000B2EC4 /* MainScreen */,
				FB567F6E2B82317400FA3D3E /* Flux */,
				FB567F602B82312000FA3D3E /* TCAMyExampleApp.swift */,
				FB567F642B82312100FA3D3E /* Assets.xcassets */,
				FB567F662B82312100FA3D3E /* Preview Content */,
			);
			path = TCAMyExample;
			sourceTree = "<group>";
		};
		FB567F662B82312100FA3D3E /* Preview Content */ = {
			isa = PBXGroup;
			children = (
				FB567F672B82312100FA3D3E /* Preview Assets.xcassets */,
			);
			path = "Preview Content";
			sourceTree = "<group>";
		};
		FB567F6E2B82317400FA3D3E /* Flux */ = {
			isa = PBXGroup;
			children = (
				FBFDECA72B851DA6004C5101 /* TwoCounters */,
				FBFDECA62B851D8A004C5101 /* Counter */,
			);
			path = Flux;
			sourceTree = "<group>";
		};
		FBFDECA52B851D55004C5101 /* CounterStore */ = {
			isa = PBXGroup;
			children = (
				FB567F722B8232CB00FA3D3E /* CounterStore.swift */,
			);
			path = CounterStore;
			sourceTree = "<group>";
		};
		FBFDECA62B851D8A004C5101 /* Counter */ = {
			isa = PBXGroup;
			children = (
				FB0DC82C2B83D4C4000B2EC4 /* CounterView */,
				FBFDECA52B851D55004C5101 /* CounterStore */,
			);
			path = Counter;
			sourceTree = "<group>";
		};
		FBFDECA72B851DA6004C5101 /* TwoCounters */ = {
			isa = PBXGroup;
			children = (
				FBFDECA92B851E74004C5101 /* TwoCountersStore */,
				FBFDECA82B851E63004C5101 /* TwoCountersView */,
			);
			path = TwoCounters;
			sourceTree = "<group>";
		};
		FBFDECA82B851E63004C5101 /* TwoCountersView */ = {
			isa = PBXGroup;
			children = (
				FB88AE852B85263D0081FCCF /* TwoCountersView.swift */,
			);
			path = TwoCountersView;
			sourceTree = "<group>";
		};
		FBFDECA92B851E74004C5101 /* TwoCountersStore */ = {
			isa = PBXGroup;
			children = (
				FBFDECAA2B851EB2004C5101 /* TwoCountersStore.swift */,
			);
			path = TwoCountersStore;
			sourceTree = "<group>";
		};
/* End PBXGroup section */

/* Begin PBXNativeTarget section */
		FB567F5C2B82312000FA3D3E /* TCAMyExample */ = {
			isa = PBXNativeTarget;
			buildConfigurationList = FB567F6B2B82312100FA3D3E /* Build configuration list for PBXNativeTarget "TCAMyExample" */;
			buildPhases = (
				FB567F592B82312000FA3D3E /* Sources */,
				FB567F5A2B82312000FA3D3E /* Frameworks */,
				FB567F5B2B82312000FA3D3E /* Resources */,
			);
			buildRules = (
			);
			dependencies = (
			);
			name = TCAMyExample;
			packageProductDependencies = (
				FB567F702B8231E700FA3D3E /* ComposableArchitecture */,
				FBEF40952B851F7D00FAE771 /* ComposableArchitecture */,
			);
			productName = TCAMyExample;
			productReference = FB567F5D2B82312000FA3D3E /* TCAMyExample.app */;
			productType = "com.apple.product-type.application";
		};
/* End PBXNativeTarget section */

/* Begin PBXProject section */
		FB567F552B82312000FA3D3E /* Project object */ = {
			isa = PBXProject;
			attributes = {
				BuildIndependentTargetsInParallel = 1;
				LastSwiftUpdateCheck = 1500;
				LastUpgradeCheck = 1500;
				TargetAttributes = {
					FB567F5C2B82312000FA3D3E = {
						CreatedOnToolsVersion = 15.0.1;
					};
				};
			};
			buildConfigurationList = FB567F582B82312000FA3D3E /* Build configuration list for PBXProject "TCAMyExample" */;
			compatibilityVersion = "Xcode 14.0";
			developmentRegion = en;
			hasScannedForEncodings = 0;
			knownRegions = (
				en,
				Base,
			);
			mainGroup = FB567F542B82312000FA3D3E;
			packageReferences = (
				FBEF40942B851F7D00FAE771 /* XCLocalSwiftPackageReference "../Desktop/swift-composable-architecture" */,
			);
			productRefGroup = FB567F5E2B82312000FA3D3E /* Products */;
			projectDirPath = "";
			projectRoot = "";
			targets = (
				FB567F5C2B82312000FA3D3E /* TCAMyExample */,
			);
		};
/* End PBXProject section */

/* Begin PBXResourcesBuildPhase section */
		FB567F5B2B82312000FA3D3E /* Resources */ = {
			isa = PBXResourcesBuildPhase;
			buildActionMask = 2147483647;
			files = (
				FB567F682B82312100FA3D3E /* Preview Assets.xcassets in Resources */,
				FB567F652B82312100FA3D3E /* Assets.xcassets in Resources */,
			);
			runOnlyForDeploymentPostprocessing = 0;
		};
/* End PBXResourcesBuildPhase section */

/* Begin PBXSourcesBuildPhase section */
		FB567F592B82312000FA3D3E /* Sources */ = {
			isa = PBXSourcesBuildPhase;
			buildActionMask = 2147483647;
			files = (
				FB567F752B823C2500FA3D3E /* CounterView.swift in Sources */,
				FBFDECAB2B851EB2004C5101 /* TwoCountersStore.swift in Sources */,
				FB567F732B8232CB00FA3D3E /* CounterStore.swift in Sources */,
				FB0DC82F2B83D549000B2EC4 /* MainView.swift in Sources */,
				FB567F612B82312000FA3D3E /* TCAMyExampleApp.swift in Sources */,
				FB88AE862B85263D0081FCCF /* TwoCountersView.swift in Sources */,
			);
			runOnlyForDeploymentPostprocessing = 0;
		};
/* End PBXSourcesBuildPhase section */

/* Begin XCBuildConfiguration section */
		FB567F692B82312100FA3D3E /* Debug */ = {
			isa = XCBuildConfiguration;
			buildSettings = {
				ALWAYS_SEARCH_USER_PATHS = NO;
				ASSETCATALOG_COMPILER_GENERATE_SWIFT_ASSET_SYMBOL_EXTENSIONS = YES;
				CLANG_ANALYZER_NONNULL = YES;
				CLANG_ANALYZER_NUMBER_OBJECT_CONVERSION = YES_AGGRESSIVE;
				CLANG_CXX_LANGUAGE_STANDARD = "gnu++20";
				CLANG_ENABLE_MODULES = YES;
				CLANG_ENABLE_OBJC_ARC = YES;
				CLANG_ENABLE_OBJC_WEAK = YES;
				CLANG_WARN_BLOCK_CAPTURE_AUTORELEASING = YES;
				CLANG_WARN_BOOL_CONVERSION = YES;
				CLANG_WARN_COMMA = YES;
				CLANG_WARN_CONSTANT_CONVERSION = YES;
				CLANG_WARN_DEPRECATED_OBJC_IMPLEMENTATIONS = YES;
				CLANG_WARN_DIRECT_OBJC_ISA_USAGE = YES_ERROR;
				CLANG_WARN_DOCUMENTATION_COMMENTS = YES;
				CLANG_WARN_EMPTY_BODY = YES;
				CLANG_WARN_ENUM_CONVERSION = YES;
				CLANG_WARN_INFINITE_RECURSION = YES;
				CLANG_WARN_INT_CONVERSION = YES;
				CLANG_WARN_NON_LITERAL_NULL_CONVERSION = YES;
				CLANG_WARN_OBJC_IMPLICIT_RETAIN_SELF = YES;
				CLANG_WARN_OBJC_LITERAL_CONVERSION = YES;
				CLANG_WARN_OBJC_ROOT_CLASS = YES_ERROR;
				CLANG_WARN_QUOTED_INCLUDE_IN_FRAMEWORK_HEADER = YES;
				CLANG_WARN_RANGE_LOOP_ANALYSIS = YES;
				CLANG_WARN_STRICT_PROTOTYPES = YES;
				CLANG_WARN_SUSPICIOUS_MOVE = YES;
				CLANG_WARN_UNGUARDED_AVAILABILITY = YES_AGGRESSIVE;
				CLANG_WARN_UNREACHABLE_CODE = YES;
				CLANG_WARN__DUPLICATE_METHOD_MATCH = YES;
				COPY_PHASE_STRIP = NO;
				DEBUG_INFORMATION_FORMAT = dwarf;
				ENABLE_STRICT_OBJC_MSGSEND = YES;
				ENABLE_TESTABILITY = YES;
				ENABLE_USER_SCRIPT_SANDBOXING = YES;
				GCC_C_LANGUAGE_STANDARD = gnu17;
				GCC_DYNAMIC_NO_PIC = NO;
				GCC_NO_COMMON_BLOCKS = YES;
				GCC_OPTIMIZATION_LEVEL = 0;
				GCC_PREPROCESSOR_DEFINITIONS = (
					"DEBUG=1",
					"$(inherited)",
				);
				GCC_WARN_64_TO_32_BIT_CONVERSION = YES;
				GCC_WARN_ABOUT_RETURN_TYPE = YES_ERROR;
				GCC_WARN_UNDECLARED_SELECTOR = YES;
				GCC_WARN_UNINITIALIZED_AUTOS = YES_AGGRESSIVE;
				GCC_WARN_UNUSED_FUNCTION = YES;
				GCC_WARN_UNUSED_VARIABLE = YES;
				IPHONEOS_DEPLOYMENT_TARGET = 17.0;
				LOCALIZATION_PREFERS_STRING_CATALOGS = YES;
				MTL_ENABLE_DEBUG_INFO = INCLUDE_SOURCE;
				MTL_FAST_MATH = YES;
				ONLY_ACTIVE_ARCH = YES;
				SDKROOT = iphoneos;
				SWIFT_ACTIVE_COMPILATION_CONDITIONS = "DEBUG $(inherited)";
				SWIFT_OPTIMIZATION_LEVEL = "-Onone";
			};
			name = Debug;
		};
		FB567F6A2B82312100FA3D3E /* Release */ = {
			isa = XCBuildConfiguration;
			buildSettings = {
				ALWAYS_SEARCH_USER_PATHS = NO;
				ASSETCATALOG_COMPILER_GENERATE_SWIFT_ASSET_SYMBOL_EXTENSIONS = YES;
				CLANG_ANALYZER_NONNULL = YES;
				CLANG_ANALYZER_NUMBER_OBJECT_CONVERSION = YES_AGGRESSIVE;
				CLANG_CXX_LANGUAGE_STANDARD = "gnu++20";
				CLANG_ENABLE_MODULES = YES;
				CLANG_ENABLE_OBJC_ARC = YES;
				CLANG_ENABLE_OBJC_WEAK = YES;
				CLANG_WARN_BLOCK_CAPTURE_AUTORELEASING = YES;
				CLANG_WARN_BOOL_CONVERSION = YES;
				CLANG_WARN_COMMA = YES;
				CLANG_WARN_CONSTANT_CONVERSION = YES;
				CLANG_WARN_DEPRECATED_OBJC_IMPLEMENTATIONS = YES;
				CLANG_WARN_DIRECT_OBJC_ISA_USAGE = YES_ERROR;
				CLANG_WARN_DOCUMENTATION_COMMENTS = YES;
				CLANG_WARN_EMPTY_BODY = YES;
				CLANG_WARN_ENUM_CONVERSION = YES;
				CLANG_WARN_INFINITE_RECURSION = YES;
				CLANG_WARN_INT_CONVERSION = YES;
				CLANG_WARN_NON_LITERAL_NULL_CONVERSION = YES;
				CLANG_WARN_OBJC_IMPLICIT_RETAIN_SELF = YES;
				CLANG_WARN_OBJC_LITERAL_CONVERSION = YES;
				CLANG_WARN_OBJC_ROOT_CLASS = YES_ERROR;
				CLANG_WARN_QUOTED_INCLUDE_IN_FRAMEWORK_HEADER = YES;
				CLANG_WARN_RANGE_LOOP_ANALYSIS = YES;
				CLANG_WARN_STRICT_PROTOTYPES = YES;
				CLANG_WARN_SUSPICIOUS_MOVE = YES;
				CLANG_WARN_UNGUARDED_AVAILABILITY = YES_AGGRESSIVE;
				CLANG_WARN_UNREACHABLE_CODE = YES;
				CLANG_WARN__DUPLICATE_METHOD_MATCH = YES;
				COPY_PHASE_STRIP = NO;
				DEBUG_INFORMATION_FORMAT = "dwarf-with-dsym";
				ENABLE_NS_ASSERTIONS = NO;
				ENABLE_STRICT_OBJC_MSGSEND = YES;
				ENABLE_USER_SCRIPT_SANDBOXING = YES;
				GCC_C_LANGUAGE_STANDARD = gnu17;
				GCC_NO_COMMON_BLOCKS = YES;
				GCC_WARN_64_TO_32_BIT_CONVERSION = YES;
				GCC_WARN_ABOUT_RETURN_TYPE = YES_ERROR;
				GCC_WARN_UNDECLARED_SELECTOR = YES;
				GCC_WARN_UNINITIALIZED_AUTOS = YES_AGGRESSIVE;
				GCC_WARN_UNUSED_FUNCTION = YES;
				GCC_WARN_UNUSED_VARIABLE = YES;
				IPHONEOS_DEPLOYMENT_TARGET = 17.0;
				LOCALIZATION_PREFERS_STRING_CATALOGS = YES;
				MTL_ENABLE_DEBUG_INFO = NO;
				MTL_FAST_MATH = YES;
				SDKROOT = iphoneos;
				SWIFT_COMPILATION_MODE = wholemodule;
				VALIDATE_PRODUCT = YES;
			};
			name = Release;
		};
		FB567F6C2B82312100FA3D3E /* Debug */ = {
			isa = XCBuildConfiguration;
			buildSettings = {
				ASSETCATALOG_COMPILER_APPICON_NAME = AppIcon;
				ASSETCATALOG_COMPILER_GLOBAL_ACCENT_COLOR_NAME = AccentColor;
				CODE_SIGN_STYLE = Automatic;
				CURRENT_PROJECT_VERSION = 1;
				DEVELOPMENT_ASSET_PATHS = "\"TCAMyExample/Preview Content\"";
				DEVELOPMENT_TEAM = "";
				ENABLE_PREVIEWS = YES;
				GENERATE_INFOPLIST_FILE = YES;
				INFOPLIST_KEY_UIApplicationSceneManifest_Generation = YES;
				INFOPLIST_KEY_UIApplicationSupportsIndirectInputEvents = YES;
				INFOPLIST_KEY_UILaunchScreen_Generation = YES;
				INFOPLIST_KEY_UISupportedInterfaceOrientations_iPad = "UIInterfaceOrientationPortrait UIInterfaceOrientationPortraitUpsideDown UIInterfaceOrientationLandscapeLeft UIInterfaceOrientationLandscapeRight";
				INFOPLIST_KEY_UISupportedInterfaceOrientations_iPhone = "UIInterfaceOrientationPortrait UIInterfaceOrientationLandscapeLeft UIInterfaceOrientationLandscapeRight";
				IPHONEOS_DEPLOYMENT_TARGET = 16.0;
				LD_RUNPATH_SEARCH_PATHS = (
					"$(inherited)",
					"@executable_path/Frameworks",
				);
				MARKETING_VERSION = 1.0;
				PRODUCT_BUNDLE_IDENTIFIER = "-.TCAMyExample";
				PRODUCT_NAME = "$(TARGET_NAME)";
				SWIFT_EMIT_LOC_STRINGS = YES;
				SWIFT_VERSION = 5.0;
				TARGETED_DEVICE_FAMILY = "1,2";
			};
			name = Debug;
		};
		FB567F6D2B82312100FA3D3E /* Release */ = {
			isa = XCBuildConfiguration;
			buildSettings = {
				ASSETCATALOG_COMPILER_APPICON_NAME = AppIcon;
				ASSETCATALOG_COMPILER_GLOBAL_ACCENT_COLOR_NAME = AccentColor;
				CODE_SIGN_STYLE = Automatic;
				CURRENT_PROJECT_VERSION = 1;
				DEVELOPMENT_ASSET_PATHS = "\"TCAMyExample/Preview Content\"";
				DEVELOPMENT_TEAM = "";
				ENABLE_PREVIEWS = YES;
				GENERATE_INFOPLIST_FILE = YES;
				INFOPLIST_KEY_UIApplicationSceneManifest_Generation = YES;
				INFOPLIST_KEY_UIApplicationSupportsIndirectInputEvents = YES;
				INFOPLIST_KEY_UILaunchScreen_Generation = YES;
				INFOPLIST_KEY_UISupportedInterfaceOrientations_iPad = "UIInterfaceOrientationPortrait UIInterfaceOrientationPortraitUpsideDown UIInterfaceOrientationLandscapeLeft UIInterfaceOrientationLandscapeRight";
				INFOPLIST_KEY_UISupportedInterfaceOrientations_iPhone = "UIInterfaceOrientationPortrait UIInterfaceOrientationLandscapeLeft UIInterfaceOrientationLandscapeRight";
				IPHONEOS_DEPLOYMENT_TARGET = 16.0;
				LD_RUNPATH_SEARCH_PATHS = (
					"$(inherited)",
					"@executable_path/Frameworks",
				);
				MARKETING_VERSION = 1.0;
				PRODUCT_BUNDLE_IDENTIFIER = "-.TCAMyExample";
				PRODUCT_NAME = "$(TARGET_NAME)";
				SWIFT_EMIT_LOC_STRINGS = YES;
				SWIFT_VERSION = 5.0;
				TARGETED_DEVICE_FAMILY = "1,2";
			};
			name = Release;
		};
/* End XCBuildConfiguration section */

/* Begin XCConfigurationList section */
		FB567F582B82312000FA3D3E /* Build configuration list for PBXProject "TCAMyExample" */ = {
			isa = XCConfigurationList;
			buildConfigurations = (
				FB567F692B82312100FA3D3E /* Debug */,
				FB567F6A2B82312100FA3D3E /* Release */,
			);
			defaultConfigurationIsVisible = 0;
			defaultConfigurationName = Release;
		};
		FB567F6B2B82312100FA3D3E /* Build configuration list for PBXNativeTarget "TCAMyExample" */ = {
			isa = XCConfigurationList;
			buildConfigurations = (
				FB567F6C2B82312100FA3D3E /* Debug */,
				FB567F6D2B82312100FA3D3E /* Release */,
			);
			defaultConfigurationIsVisible = 0;
			defaultConfigurationName = Release;
		};
/* End XCConfigurationList section */

/* Begin XCLocalSwiftPackageReference section */
		FBEF40942B851F7D00FAE771 /* XCLocalSwiftPackageReference "../Desktop/swift-composable-architecture" */ = {
			isa = XCLocalSwiftPackageReference;
			relativePath = "../Desktop/swift-composable-architecture";
		};
/* End XCLocalSwiftPackageReference section */

/* Begin XCSwiftPackageProductDependency section */
		FB567F702B8231E700FA3D3E /* ComposableArchitecture */ = {
			isa = XCSwiftPackageProductDependency;
			productName = ComposableArchitecture;
		};
		FBEF40952B851F7D00FAE771 /* ComposableArchitecture */ = {
			isa = XCSwiftPackageProductDependency;
			productName = ComposableArchitecture;
		};
/* End XCSwiftPackageProductDependency section */
	};
	rootObject = FB567F552B82312000FA3D3E /* Project object */;
}
